// !$*UTF8*$!
{
	archiveVersion = 1;
	classes = {
	};
	objectVersion = 55;
	objects = {

/* Begin PBXBuildFile section */
		347986A127E898E6000CC12E /* AddSuperheroDelegate.swift in Sources */ = {isa = PBXBuildFile; fileRef = 347986A027E898E6000CC12E /* AddSuperheroDelegate.swift */; };
		347986A327E8DE60000CC12E /* CreateHeroViewController.swift in Sources */ = {isa = PBXBuildFile; fileRef = 347986A227E8DE60000CC12E /* CreateHeroViewController.swift */; };
		347986A727EF4338000CC12E /* Week04-DataModel.xcdatamodeld in Sources */ = {isa = PBXBuildFile; fileRef = 347986A527EF4338000CC12E /* Week04-DataModel.xcdatamodeld */; };
		347986AC27EF46FB000CC12E /* Team+CoreDataClass.swift in Sources */ = {isa = PBXBuildFile; fileRef = 347986A827EF46FB000CC12E /* Team+CoreDataClass.swift */; };
		347986AD27EF46FB000CC12E /* Team+CoreDataProperties.swift in Sources */ = {isa = PBXBuildFile; fileRef = 347986A927EF46FB000CC12E /* Team+CoreDataProperties.swift */; };
		347986AE27EF46FB000CC12E /* Superhero+CoreDataClass.swift in Sources */ = {isa = PBXBuildFile; fileRef = 347986AA27EF46FB000CC12E /* Superhero+CoreDataClass.swift */; };
		347986AF27EF46FB000CC12E /* Superhero+CoreDataProperties.swift in Sources */ = {isa = PBXBuildFile; fileRef = 347986AB27EF46FB000CC12E /* Superhero+CoreDataProperties.swift */; };
		347986B227F03979000CC12E /* MulticastDelegate.swift in Sources */ = {isa = PBXBuildFile; fileRef = 347986B127F03979000CC12E /* MulticastDelegate.swift */; };
		347986B427F03A38000CC12E /* DatabaseProtocol.swift in Sources */ = {isa = PBXBuildFile; fileRef = 347986B327F03A38000CC12E /* DatabaseProtocol.swift */; };
		347986B627F03F4E000CC12E /* CoreDataController.swift in Sources */ = {isa = PBXBuildFile; fileRef = 347986B527F03F4E000CC12E /* CoreDataController.swift */; };
		34B5529527E1662400F0FBAD /* AppDelegate.swift in Sources */ = {isa = PBXBuildFile; fileRef = 34B5529427E1662400F0FBAD /* AppDelegate.swift */; };
		34B5529727E1662400F0FBAD /* SceneDelegate.swift in Sources */ = {isa = PBXBuildFile; fileRef = 34B5529627E1662400F0FBAD /* SceneDelegate.swift */; };
		34B5529C27E1662400F0FBAD /* Main.storyboard in Resources */ = {isa = PBXBuildFile; fileRef = 34B5529A27E1662400F0FBAD /* Main.storyboard */; };
		34B5529E27E1662900F0FBAD /* Assets.xcassets in Resources */ = {isa = PBXBuildFile; fileRef = 34B5529D27E1662900F0FBAD /* Assets.xcassets */; };
		34B552A127E1662900F0FBAD /* LaunchScreen.storyboard in Resources */ = {isa = PBXBuildFile; fileRef = 34B5529F27E1662900F0FBAD /* LaunchScreen.storyboard */; };
		34B552AB27E1683B00F0FBAD /* CurrentPartyTableViewController.swift in Sources */ = {isa = PBXBuildFile; fileRef = 34B552AA27E1683B00F0FBAD /* CurrentPartyTableViewController.swift */; };
		34B552AD27E8933F00F0FBAD /* AllHeroesTableViewController.swift in Sources */ = {isa = PBXBuildFile; fileRef = 34B552AC27E8933F00F0FBAD /* AllHeroesTableViewController.swift */; };
		34B552AF27E8936100F0FBAD /* HeroCountTableViewCell.swift in Sources */ = {isa = PBXBuildFile; fileRef = 34B552AE27E8936100F0FBAD /* HeroCountTableViewCell.swift */; };
/* End PBXBuildFile section */

/* Begin PBXFileReference section */
		347986A027E898E6000CC12E /* AddSuperheroDelegate.swift */ = {isa = PBXFileReference; lastKnownFileType = sourcecode.swift; path = AddSuperheroDelegate.swift; sourceTree = "<group>"; };
		347986A227E8DE60000CC12E /* CreateHeroViewController.swift */ = {isa = PBXFileReference; lastKnownFileType = sourcecode.swift; path = CreateHeroViewController.swift; sourceTree = "<group>"; };
		347986A627EF4338000CC12E /* Week04-DataModel.xcdatamodel */ = {isa = PBXFileReference; lastKnownFileType = wrapper.xcdatamodel; path = "Week04-DataModel.xcdatamodel"; sourceTree = "<group>"; };
		347986A827EF46FB000CC12E /* Team+CoreDataClass.swift */ = {isa = PBXFileReference; lastKnownFileType = sourcecode.swift; path = "Team+CoreDataClass.swift"; sourceTree = "<group>"; };
		347986A927EF46FB000CC12E /* Team+CoreDataProperties.swift */ = {isa = PBXFileReference; lastKnownFileType = sourcecode.swift; path = "Team+CoreDataProperties.swift"; sourceTree = "<group>"; };
		347986AA27EF46FB000CC12E /* Superhero+CoreDataClass.swift */ = {isa = PBXFileReference; lastKnownFileType = sourcecode.swift; path = "Superhero+CoreDataClass.swift"; sourceTree = "<group>"; };
		347986AB27EF46FB000CC12E /* Superhero+CoreDataProperties.swift */ = {isa = PBXFileReference; lastKnownFileType = sourcecode.swift; path = "Superhero+CoreDataProperties.swift"; sourceTree = "<group>"; };
		347986B127F03979000CC12E /* MulticastDelegate.swift */ = {isa = PBXFileReference; lastKnownFileType = sourcecode.swift; path = MulticastDelegate.swift; sourceTree = "<group>"; };
		347986B327F03A38000CC12E /* DatabaseProtocol.swift */ = {isa = PBXFileReference; lastKnownFileType = sourcecode.swift; path = DatabaseProtocol.swift; sourceTree = "<group>"; };
		347986B527F03F4E000CC12E /* CoreDataController.swift */ = {isa = PBXFileReference; lastKnownFileType = sourcecode.swift; path = CoreDataController.swift; sourceTree = "<group>"; };
		34B5529127E1662400F0FBAD /* Lab4_copy.app */ = {isa = PBXFileReference; explicitFileType = wrapper.application; includeInIndex = 0; path = Lab4_copy.app; sourceTree = BUILT_PRODUCTS_DIR; };
		34B5529427E1662400F0FBAD /* AppDelegate.swift */ = {isa = PBXFileReference; lastKnownFileType = sourcecode.swift; path = AppDelegate.swift; sourceTree = "<group>"; };
		34B5529627E1662400F0FBAD /* SceneDelegate.swift */ = {isa = PBXFileReference; lastKnownFileType = sourcecode.swift; path = SceneDelegate.swift; sourceTree = "<group>"; };
		34B5529B27E1662400F0FBAD /* Base */ = {isa = PBXFileReference; lastKnownFileType = file.storyboard; name = Base; path = Base.lproj/Main.storyboard; sourceTree = "<group>"; };
		34B5529D27E1662900F0FBAD /* Assets.xcassets */ = {isa = PBXFileReference; lastKnownFileType = folder.assetcatalog; path = Assets.xcassets; sourceTree = "<group>"; };
		34B552A027E1662900F0FBAD /* Base */ = {isa = PBXFileReference; lastKnownFileType = file.storyboard; name = Base; path = Base.lproj/LaunchScreen.storyboard; sourceTree = "<group>"; };
		34B552A227E1662900F0FBAD /* Info.plist */ = {isa = PBXFileReference; lastKnownFileType = text.plist.xml; path = Info.plist; sourceTree = "<group>"; };
		34B552AA27E1683B00F0FBAD /* CurrentPartyTableViewController.swift */ = {isa = PBXFileReference; lastKnownFileType = sourcecode.swift; path = CurrentPartyTableViewController.swift; sourceTree = "<group>"; };
		34B552AC27E8933F00F0FBAD /* AllHeroesTableViewController.swift */ = {isa = PBXFileReference; lastKnownFileType = sourcecode.swift; path = AllHeroesTableViewController.swift; sourceTree = "<group>"; };
		34B552AE27E8936100F0FBAD /* HeroCountTableViewCell.swift */ = {isa = PBXFileReference; lastKnownFileType = sourcecode.swift; path = HeroCountTableViewCell.swift; sourceTree = "<group>"; };
/* End PBXFileReference section */

/* Begin PBXFrameworksBuildPhase section */
		34B5528E27E1662400F0FBAD /* Frameworks */ = {
			isa = PBXFrameworksBuildPhase;
			buildActionMask = 2147483647;
			files = (
			);
			runOnlyForDeploymentPostprocessing = 0;
		};
/* End PBXFrameworksBuildPhase section */

/* Begin PBXGroup section */
		347986A427EF42F5000CC12E /* DataModel */ = {
			isa = PBXGroup;
			children = (
				347986A827EF46FB000CC12E /* Team+CoreDataClass.swift */,
				347986A927EF46FB000CC12E /* Team+CoreDataProperties.swift */,
				347986AA27EF46FB000CC12E /* Superhero+CoreDataClass.swift */,
				347986AB27EF46FB000CC12E /* Superhero+CoreDataProperties.swift */,
				347986A527EF4338000CC12E /* Week04-DataModel.xcdatamodeld */,
			);
			path = DataModel;
			sourceTree = "<group>";
		};
		347986B027EF49C9000CC12E /* Database */ = {
			isa = PBXGroup;
			children = (
				347986B127F03979000CC12E /* MulticastDelegate.swift */,
				347986B327F03A38000CC12E /* DatabaseProtocol.swift */,
				347986B527F03F4E000CC12E /* CoreDataController.swift */,
			);
			path = Database;
			sourceTree = "<group>";
		};
		34B5528827E1662400F0FBAD = {
			isa = PBXGroup;
			children = (
				34B5529327E1662400F0FBAD /* Lab3 */,
				34B5529227E1662400F0FBAD /* Products */,
			);
			sourceTree = "<group>";
		};
		34B5529227E1662400F0FBAD /* Products */ = {
			isa = PBXGroup;
			children = (
				34B5529127E1662400F0FBAD /* Lab4_copy.app */,
			);
			name = Products;
			sourceTree = "<group>";
		};
		34B5529327E1662400F0FBAD /* Lab3 */ = {
			isa = PBXGroup;
			children = (
				347986B027EF49C9000CC12E /* Database */,
				347986A427EF42F5000CC12E /* DataModel */,
				34B552AA27E1683B00F0FBAD /* CurrentPartyTableViewController.swift */,
				34B5529427E1662400F0FBAD /* AppDelegate.swift */,
				34B5529627E1662400F0FBAD /* SceneDelegate.swift */,
				34B5529A27E1662400F0FBAD /* Main.storyboard */,
				34B5529D27E1662900F0FBAD /* Assets.xcassets */,
				34B5529F27E1662900F0FBAD /* LaunchScreen.storyboard */,
				34B552A227E1662900F0FBAD /* Info.plist */,
				34B552AC27E8933F00F0FBAD /* AllHeroesTableViewController.swift */,
				34B552AE27E8936100F0FBAD /* HeroCountTableViewCell.swift */,
				347986A027E898E6000CC12E /* AddSuperheroDelegate.swift */,
				347986A227E8DE60000CC12E /* CreateHeroViewController.swift */,
			);
			path = Lab3;
			sourceTree = "<group>";
		};
/* End PBXGroup section */

/* Begin PBXNativeTarget section */
		34B5529027E1662400F0FBAD /* Lab4_copy */ = {
			isa = PBXNativeTarget;
			buildConfigurationList = 34B552A527E1662900F0FBAD /* Build configuration list for PBXNativeTarget "Lab4_copy" */;
			buildPhases = (
				34B5528D27E1662400F0FBAD /* Sources */,
				34B5528E27E1662400F0FBAD /* Frameworks */,
				34B5528F27E1662400F0FBAD /* Resources */,
			);
			buildRules = (
			);
			dependencies = (
			);
			name = Lab4_copy;
			productName = Lab3;
			productReference = 34B5529127E1662400F0FBAD /* Lab4_copy.app */;
			productType = "com.apple.product-type.application";
		};
/* End PBXNativeTarget section */

/* Begin PBXProject section */
		34B5528927E1662400F0FBAD /* Project object */ = {
			isa = PBXProject;
			attributes = {
				BuildIndependentTargetsInParallel = 1;
				LastSwiftUpdateCheck = 1320;
				LastUpgradeCheck = 1320;
				TargetAttributes = {
					34B5529027E1662400F0FBAD = {
						CreatedOnToolsVersion = 13.2.1;
					};
				};
			};
			buildConfigurationList = 34B5528C27E1662400F0FBAD /* Build configuration list for PBXProject "Lab4_copy" */;
			compatibilityVersion = "Xcode 13.0";
			developmentRegion = en;
			hasScannedForEncodings = 0;
			knownRegions = (
				en,
				Base,
			);
			mainGroup = 34B5528827E1662400F0FBAD;
			productRefGroup = 34B5529227E1662400F0FBAD /* Products */;
			projectDirPath = "";
			projectRoot = "";
			targets = (
				34B5529027E1662400F0FBAD /* Lab4_copy */,
			);
		};
/* End PBXProject section */

/* Begin PBXResourcesBuildPhase section */
		34B5528F27E1662400F0FBAD /* Resources */ = {
			isa = PBXResourcesBuildPhase;
			buildActionMask = 2147483647;
			files = (
				34B552A127E1662900F0FBAD /* LaunchScreen.storyboard in Resources */,
				34B5529E27E1662900F0FBAD /* Assets.xcassets in Resources */,
				34B5529C27E1662400F0FBAD /* Main.storyboard in Resources */,
			);
			runOnlyForDeploymentPostprocessing = 0;
		};
/* End PBXResourcesBuildPhase section */

/* Begin PBXSourcesBuildPhase section */
		34B5528D27E1662400F0FBAD /* Sources */ = {
			isa = PBXSourcesBuildPhase;
			buildActionMask = 2147483647;
			files = (
				347986AC27EF46FB000CC12E /* Team+CoreDataClass.swift in Sources */,
				347986AF27EF46FB000CC12E /* Superhero+CoreDataProperties.swift in Sources */,
				347986B627F03F4E000CC12E /* CoreDataController.swift in Sources */,
				34B5529527E1662400F0FBAD /* AppDelegate.swift in Sources */,
				347986AE27EF46FB000CC12E /* Superhero+CoreDataClass.swift in Sources */,
				34B5529727E1662400F0FBAD /* SceneDelegate.swift in Sources */,
				347986A327E8DE60000CC12E /* CreateHeroViewController.swift in Sources */,
				347986B427F03A38000CC12E /* DatabaseProtocol.swift in Sources */,
				347986AD27EF46FB000CC12E /* Team+CoreDataProperties.swift in Sources */,
				34B552AB27E1683B00F0FBAD /* CurrentPartyTableViewController.swift in Sources */,
				347986B227F03979000CC12E /* MulticastDelegate.swift in Sources */,
				34B552AF27E8936100F0FBAD /* HeroCountTableViewCell.swift in Sources */,
				34B552AD27E8933F00F0FBAD /* AllHeroesTableViewController.swift in Sources */,
				347986A127E898E6000CC12E /* AddSuperheroDelegate.swift in Sources */,
				347986A727EF4338000CC12E /* Week04-DataModel.xcdatamodeld in Sources */,
			);
			runOnlyForDeploymentPostprocessing = 0;
		};
/* End PBXSourcesBuildPhase section */

/* Begin PBXVariantGroup section */
		34B5529A27E1662400F0FBAD /* Main.storyboard */ = {
			isa = PBXVariantGroup;
			children = (
				34B5529B27E1662400F0FBAD /* Base */,
			);
			name = Main.storyboard;
			sourceTree = "<group>";
		};
		34B5529F27E1662900F0FBAD /* LaunchScreen.storyboard */ = {
			isa = PBXVariantGroup;
			children = (
				34B552A027E1662900F0FBAD /* Base */,
			);
			name = LaunchScreen.storyboard;
			sourceTree = "<group>";
		};
/* End PBXVariantGroup section */

/* Begin XCBuildConfiguration section */
		34B552A327E1662900F0FBAD /* Debug */ = {
			isa = XCBuildConfiguration;
			buildSettings = {
				ALWAYS_SEARCH_USER_PATHS = NO;
				CLANG_ANALYZER_NONNULL = YES;
				CLANG_ANALYZER_NUMBER_OBJECT_CONVERSION = YES_AGGRESSIVE;
				CLANG_CXX_LANGUAGE_STANDARD = "gnu++17";
				CLANG_CXX_LIBRARY = "libc++";
				CLANG_ENABLE_MODULES = YES;
				CLANG_ENABLE_OBJC_ARC = YES;
				CLANG_ENABLE_OBJC_WEAK = YES;
				CLANG_WARN_BLOCK_CAPTURE_AUTORELEASING = YES;
				CLANG_WARN_BOOL_CONVERSION = YES;
				CLANG_WARN_COMMA = YES;
				CLANG_WARN_CONSTANT_CONVERSION = YES;
				CLANG_WARN_DEPRECATED_OBJC_IMPLEMENTATIONS = YES;
				CLANG_WARN_DIRECT_OBJC_ISA_USAGE = YES_ERROR;
				CLANG_WARN_DOCUMENTATION_COMMENTS = YES;
				CLANG_WARN_EMPTY_BODY = YES;
				CLANG_WARN_ENUM_CONVERSION = YES;
				CLANG_WARN_INFINITE_RECURSION = YES;
				CLANG_WARN_INT_CONVERSION = YES;
				CLANG_WARN_NON_LITERAL_NULL_CONVERSION = YES;
				CLANG_WARN_OBJC_IMPLICIT_RETAIN_SELF = YES;
				CLANG_WARN_OBJC_LITERAL_CONVERSION = YES;
				CLANG_WARN_OBJC_ROOT_CLASS = YES_ERROR;
				CLANG_WARN_QUOTED_INCLUDE_IN_FRAMEWORK_HEADER = YES;
				CLANG_WARN_RANGE_LOOP_ANALYSIS = YES;
				CLANG_WARN_STRICT_PROTOTYPES = YES;
				CLANG_WARN_SUSPICIOUS_MOVE = YES;
				CLANG_WARN_UNGUARDED_AVAILABILITY = YES_AGGRESSIVE;
				CLANG_WARN_UNREACHABLE_CODE = YES;
				CLANG_WARN__DUPLICATE_METHOD_MATCH = YES;
				COPY_PHASE_STRIP = NO;
				DEBUG_INFORMATION_FORMAT = dwarf;
				ENABLE_STRICT_OBJC_MSGSEND = YES;
				ENABLE_TESTABILITY = YES;
				GCC_C_LANGUAGE_STANDARD = gnu11;
				GCC_DYNAMIC_NO_PIC = NO;
				GCC_NO_COMMON_BLOCKS = YES;
				GCC_OPTIMIZATION_LEVEL = 0;
				GCC_PREPROCESSOR_DEFINITIONS = (
					"DEBUG=1",
					"$(inherited)",
				);
				GCC_WARN_64_TO_32_BIT_CONVERSION = YES;
				GCC_WARN_ABOUT_RETURN_TYPE = YES_ERROR;
				GCC_WARN_UNDECLARED_SELECTOR = YES;
				GCC_WARN_UNINITIALIZED_AUTOS = YES_AGGRESSIVE;
				GCC_WARN_UNUSED_FUNCTION = YES;
				GCC_WARN_UNUSED_VARIABLE = YES;
				IPHONEOS_DEPLOYMENT_TARGET = 15.2;
				MTL_ENABLE_DEBUG_INFO = INCLUDE_SOURCE;
				MTL_FAST_MATH = YES;
				ONLY_ACTIVE_ARCH = YES;
				SDKROOT = iphoneos;
				SWIFT_ACTIVE_COMPILATION_CONDITIONS = DEBUG;
				SWIFT_OPTIMIZATION_LEVEL = "-Onone";
			};
			name = Debug;
		};
		34B552A427E1662900F0FBAD /* Release */ = {
			isa = XCBuildConfiguration;
			buildSettings = {
				ALWAYS_SEARCH_USER_PATHS = NO;
				CLANG_ANALYZER_NONNULL = YES;
				CLANG_ANALYZER_NUMBER_OBJECT_CONVERSION = YES_AGGRESSIVE;
				CLANG_CXX_LANGUAGE_STANDARD = "gnu++17";
				CLANG_CXX_LIBRARY = "libc++";
				CLANG_ENABLE_MODULES = YES;
				CLANG_ENABLE_OBJC_ARC = YES;
				CLANG_ENABLE_OBJC_WEAK = YES;
				CLANG_WARN_BLOCK_CAPTURE_AUTORELEASING = YES;
				CLANG_WARN_BOOL_CONVERSION = YES;
				CLANG_WARN_COMMA = YES;
				CLANG_WARN_CONSTANT_CONVERSION = YES;
				CLANG_WARN_DEPRECATED_OBJC_IMPLEMENTATIONS = YES;
				CLANG_WARN_DIRECT_OBJC_ISA_USAGE = YES_ERROR;
				CLANG_WARN_DOCUMENTATION_COMMENTS = YES;
				CLANG_WARN_EMPTY_BODY = YES;
				CLANG_WARN_ENUM_CONVERSION = YES;
				CLANG_WARN_INFINITE_RECURSION = YES;
				CLANG_WARN_INT_CONVERSION = YES;
				CLANG_WARN_NON_LITERAL_NULL_CONVERSION = YES;
				CLANG_WARN_OBJC_IMPLICIT_RETAIN_SELF = YES;
				CLANG_WARN_OBJC_LITERAL_CONVERSION = YES;
				CLANG_WARN_OBJC_ROOT_CLASS = YES_ERROR;
				CLANG_WARN_QUOTED_INCLUDE_IN_FRAMEWORK_HEADER = YES;
				CLANG_WARN_RANGE_LOOP_ANALYSIS = YES;
				CLANG_WARN_STRICT_PROTOTYPES = YES;
				CLANG_WARN_SUSPICIOUS_MOVE = YES;
				CLANG_WARN_UNGUARDED_AVAILABILITY = YES_AGGRESSIVE;
				CLANG_WARN_UNREACHABLE_CODE = YES;
				CLANG_WARN__DUPLICATE_METHOD_MATCH = YES;
				COPY_PHASE_STRIP = NO;
				DEBUG_INFORMATION_FORMAT = "dwarf-with-dsym";
				ENABLE_NS_ASSERTIONS = NO;
				ENABLE_STRICT_OBJC_MSGSEND = YES;
				GCC_C_LANGUAGE_STANDARD = gnu11;
				GCC_NO_COMMON_BLOCKS = YES;
				GCC_WARN_64_TO_32_BIT_CONVERSION = YES;
				GCC_WARN_ABOUT_RETURN_TYPE = YES_ERROR;
				GCC_WARN_UNDECLARED_SELECTOR = YES;
				GCC_WARN_UNINITIALIZED_AUTOS = YES_AGGRESSIVE;
				GCC_WARN_UNUSED_FUNCTION = YES;
				GCC_WARN_UNUSED_VARIABLE = YES;
				IPHONEOS_DEPLOYMENT_TARGET = 15.2;
				MTL_ENABLE_DEBUG_INFO = NO;
				MTL_FAST_MATH = YES;
				SDKROOT = iphoneos;
				SWIFT_COMPILATION_MODE = wholemodule;
				SWIFT_OPTIMIZATION_LEVEL = "-O";
				VALIDATE_PRODUCT = YES;
			};
			name = Release;
		};
		34B552A627E1662900F0FBAD /* Debug */ = {
			isa = XCBuildConfiguration;
			buildSettings = {
				ASSETCATALOG_COMPILER_APPICON_NAME = AppIcon;
				ASSETCATALOG_COMPILER_GLOBAL_ACCENT_COLOR_NAME = AccentColor;
				CODE_SIGN_IDENTITY = "Apple Development";
				CODE_SIGN_STYLE = Automatic;
				CURRENT_PROJECT_VERSION = 1;
				DEVELOPMENT_TEAM = 53HKNT2DJ4;
				GENERATE_INFOPLIST_FILE = YES;
				INFOPLIST_FILE = Lab3/Info.plist;
				INFOPLIST_KEY_CFBundleDisplayName = lab4_copy;
				INFOPLIST_KEY_UIApplicationSupportsIndirectInputEvents = YES;
				INFOPLIST_KEY_UILaunchStoryboardName = LaunchScreen;
				INFOPLIST_KEY_UIMainStoryboardFile = Main;
				INFOPLIST_KEY_UISupportedInterfaceOrientations_iPad = "UIInterfaceOrientationPortrait UIInterfaceOrientationPortraitUpsideDown UIInterfaceOrientationLandscapeLeft UIInterfaceOrientationLandscapeRight";
				INFOPLIST_KEY_UISupportedInterfaceOrientations_iPhone = "UIInterfaceOrientationPortrait UIInterfaceOrientationLandscapeLeft UIInterfaceOrientationLandscapeRight";
				LD_RUNPATH_SEARCH_PATHS = (
					"$(inherited)",
					"@executable_path/Frameworks",
				);
				MARKETING_VERSION = 1.0;
				PRODUCT_BUNDLE_IDENTIFIER = "com.kriztin.Lab4-copy";
				PRODUCT_NAME = "$(TARGET_NAME)";
				PROVISIONING_PROFILE_SPECIFIER = "";
				SWIFT_EMIT_LOC_STRINGS = YES;
				SWIFT_VERSION = 5.0;
				TARGETED_DEVICE_FAMILY = "1,2";
			};
			name = Debug;
		};
		34B552A727E1662900F0FBAD /* Release */ = {
			isa = XCBuildConfiguration;
			buildSettings = {
				ASSETCATALOG_COMPILER_APPICON_NAME = AppIcon;
				ASSETCATALOG_COMPILER_GLOBAL_ACCENT_COLOR_NAME = AccentColor;
				CODE_SIGN_IDENTITY = "Apple Development";
				CODE_SIGN_STYLE = Automatic;
				CURRENT_PROJECT_VERSION = 1;
				DEVELOPMENT_TEAM = 53HKNT2DJ4;
				GENERATE_INFOPLIST_FILE = YES;
				INFOPLIST_FILE = Lab3/Info.plist;
				INFOPLIST_KEY_CFBundleDisplayName = lab4_copy;
				INFOPLIST_KEY_UIApplicationSupportsIndirectInputEvents = YES;
				INFOPLIST_KEY_UILaunchStoryboardName = LaunchScreen;
				INFOPLIST_KEY_UIMainStoryboardFile = Main;
				INFOPLIST_KEY_UISupportedInterfaceOrientations_iPad = "UIInterfaceOrientationPortrait UIInterfaceOrientationPortraitUpsideDown UIInterfaceOrientationLandscapeLeft UIInterfaceOrientationLandscapeRight";
				INFOPLIST_KEY_UISupportedInterfaceOrientations_iPhone = "UIInterfaceOrientationPortrait UIInterfaceOrientationLandscapeLeft UIInterfaceOrientationLandscapeRight";
				LD_RUNPATH_SEARCH_PATHS = (
					"$(inherited)",
					"@executable_path/Frameworks",
				);
				MARKETING_VERSION = 1.0;
				PRODUCT_BUNDLE_IDENTIFIER = "com.kriztin.Lab4-copy";
				PRODUCT_NAME = "$(TARGET_NAME)";
				PROVISIONING_PROFILE_SPECIFIER = "";
				SWIFT_EMIT_LOC_STRINGS = YES;
				SWIFT_VERSION = 5.0;
				TARGETED_DEVICE_FAMILY = "1,2";
			};
			name = Release;
		};
/* End XCBuildConfiguration section */

/* Begin XCConfigurationList section */
		34B5528C27E1662400F0FBAD /* Build configuration list for PBXProject "Lab4_copy" */ = {
			isa = XCConfigurationList;
			buildConfigurations = (
				34B552A327E1662900F0FBAD /* Debug */,
				34B552A427E1662900F0FBAD /* Release */,
			);
			defaultConfigurationIsVisible = 0;
			defaultConfigurationName = Release;
		};
		34B552A527E1662900F0FBAD /* Build configuration list for PBXNativeTarget "Lab4_copy" */ = {
			isa = XCConfigurationList;
			buildConfigurations = (
				34B552A627E1662900F0FBAD /* Debug */,
				34B552A727E1662900F0FBAD /* Release */,
			);
			defaultConfigurationIsVisible = 0;
			defaultConfigurationName = Release;
		};
/* End XCConfigurationList section */

/* Begin XCVersionGroup section */
		347986A527EF4338000CC12E /* Week04-DataModel.xcdatamodeld */ = {
			isa = XCVersionGroup;
			children = (
				347986A627EF4338000CC12E /* Week04-DataModel.xcdatamodel */,
			);
			currentVersion = 347986A627EF4338000CC12E /* Week04-DataModel.xcdatamodel */;
			path = "Week04-DataModel.xcdatamodeld";
			sourceTree = "<group>";
			versionGroupType = wrapper.xcdatamodel;
		};
/* End XCVersionGroup section */
	};
	rootObject = 34B5528927E1662400F0FBAD /* Project object */;
}
